
Microsoft Visual Studio Solution File, Format Version 12.00
# Visual Studio Version 17
VisualStudioVersion = 17.14.36221.1
MinimumVisualStudioVersion = 10.0.40219.1
Project("{FAE04EC0-301F-11D3-BF4B-00C04F79EFBC}") = "Client", "Client\Client.csproj", "{A6C1354E-AE73-4D0A-A3CB-64C41DE04BA5}"
EndProject
Project("{FAE04EC0-301F-11D3-BF4B-00C04F79EFBC}") = "Server", "Server\Server.csproj", "{33B1B402-0A65-4963-A83D-11C206C674DC}"
EndProject
Global
	GlobalSection(SolutionConfigurationPlatforms) = preSolution
		Debug|Any CPU = Debug|Any CPU
		Release|Any CPU = Release|Any CPU
	EndGlobalSection
	GlobalSection(ProjectConfigurationPlatforms) = postSolution
		{A6C1354E-AE73-4D0A-A3CB-64C41DE04BA5}.Debug|Any CPU.ActiveCfg = Debug|Any CPU
		{A6C1354E-AE73-4D0A-A3CB-64C41DE04BA5}.Debug|Any CPU.Build.0 = Debug|Any CPU
		{A6C1354E-AE73-4D0A-A3CB-64C41DE04BA5}.Release|Any CPU.ActiveCfg = Release|Any CPU
		{A6C1354E-AE73-4D0A-A3CB-64C41DE04BA5}.Release|Any CPU.Build.0 = Release|Any CPU
		{33B1B402-0A65-4963-A83D-11C206C674DC}.Debug|Any CPU.ActiveCfg = Debug|Any CPU
		{33B1B402-0A65-4963-A83D-11C206C674DC}.Debug|Any CPU.Build.0 = Debug|Any CPU
		{33B1B402-0A65-4963-A83D-11C206C674DC}.Release|Any CPU.ActiveCfg = Release|Any CPU
		{33B1B402-0A65-4963-A83D-11C206C674DC}.Release|Any CPU.Build.0 = Release|Any CPU
	EndGlobalSection
	GlobalSection(SolutionProperties) = preSolution
		HideSolutionNode = FALSE
	EndGlobalSection
	GlobalSection(ExtensibilityGlobals) = postSolution
		SolutionGuid = {22E4628D-69CB-4EA8-A1F8-82D3A61D9781}
	EndGlobalSection
EndGlobal
